{
  "name": "webapp",
  "lockfileVersion": 3,
  "requires": true,
  "packages": {
    "": {
      "dependencies": {
        "leaflet.browser.print": "^2.0.2",
        "leaflet.measurecontrol": "^1.1.0"
      }
    },
    "node_modules/leaflet": {
      "version": "0.7.7",
      "resolved": "https://registry.npmmirror.com/leaflet/-/leaflet-0.7.7.tgz",
      "integrity": "sha512-H1lR7J5VxhvQJQHlW2UywtxO63zilLrnwVsDvjKeyfntffj63Ml94gCk9YPYWBkiQgxisdiA8aJ30Zoou4VhEA==",
      "peer": true
    },
    "node_modules/leaflet-draw": {
      "version": "0.3.2",
      "resolved": "https://registry.npmmirror.com/leaflet-draw/-/leaflet-draw-0.3.2.tgz",
      "integrity": "sha512-0O8kEVtOvir+y4ltJAbuR7Q4jM0iGz6+Zw/T1yCdUUeReyrMn89bo/9XbfwP964Qe1szvdDDnosMKaSC8wBn9g=="
    },
    "node_modules/leaflet.browser.print": {
      "version": "2.0.2",
      "resolved": "https://registry.npmmirror.com/leaflet.browser.print/-/leaflet.browser.print-2.0.2.tgz",
      "integrity": "sha512-/gE9sF35OwKdkaD13LJf3Jxh1yNFPN6BqNtf7qsMKzvbWLwkRsiBTmOY8d4hhAS3JoWfEPavW/QCURKbT2HuUg=="
    },
    "node_modules/leaflet.measurecontrol": {
      "version": "1.1.0",
      "resolved": "https://registry.npmmirror.com/leaflet.measurecontrol/-/leaflet.measurecontrol-1.1.0.tgz",
      "integrity": "sha512-NXyK6WKO+v41zUqkSnSJt+CSqSbj4VSoLq9UE/SzrE/LFgTMiOlBAtVplyoXn+TlFs1yZjRAcDJeOEZ+E7RklQ==",
      "dependencies": {
        "leaflet-draw": "^0.3.2"
      },
      "peerDependencies": {
        "leaflet": "^0.7.3"
      }
    }
  }
}
